
Microsoft Visual Studio Solution File, Format Version 12.00
# Visual Studio Version 16
VisualStudioVersion = 16.0.31624.102
MinimumVisualStudioVersion = 10.0.40219.1
Project("{F184B08F-C81C-45F6-A57F-5ABD9991F28F}") = "7Afortunado_Ikasleak", "7Afortunado_Ikasleak.vbproj", "{17483269-1BFD-4ACD-BAAB-781305786AB8}"
EndProject
Global
	GlobalSection(SolutionConfigurationPlatforms) = preSolution
		Debug|Any CPU = Debug|Any CPU
		Release|Any CPU = Release|Any CPU
	EndGlobalSection
	GlobalSection(ProjectConfigurationPlatforms) = postSolution
		{17483269-1BFD-4ACD-BAAB-781305786AB8}.Debug|Any CPU.ActiveCfg = Debug|Any CPU
		{17483269-1BFD-4ACD-BAAB-781305786AB8}.Debug|Any CPU.Build.0 = Debug|Any CPU
		{17483269-1BFD-4ACD-BAAB-781305786AB8}.Release|Any CPU.ActiveCfg = Release|Any CPU
		{17483269-1BFD-4ACD-BAAB-781305786AB8}.Release|Any CPU.Build.0 = Release|Any CPU
	EndGlobalSection
	GlobalSection(SolutionProperties) = preSolution
		HideSolutionNode = FALSE
	EndGlobalSection
	GlobalSection(ExtensibilityGlobals) = postSolution
		SolutionGuid = {C7DF98E6-DE38-4865-B105-2D3735B777DC}
	EndGlobalSection
EndGlobal
