
Microsoft Visual Studio Solution File, Format Version 12.00
# Visual Studio Version 16
VisualStudioVersion = 16.0.31624.102
MinimumVisualStudioVersion = 10.0.40219.1
Project("{F184B08F-C81C-45F6-A57F-5ABD9991F28F}") = "WebApplication1", "WebApplication1\WebApplication1.vbproj", "{14A16D71-952A-46E5-9ADD-9DBDC18E3F44}"
EndProject
Global
	GlobalSection(SolutionConfigurationPlatforms) = preSolution
		Debug|Any CPU = Debug|Any CPU
		Release|Any CPU = Release|Any CPU
	EndGlobalSection
	GlobalSection(ProjectConfigurationPlatforms) = postSolution
		{14A16D71-952A-46E5-9ADD-9DBDC18E3F44}.Debug|Any CPU.ActiveCfg = Debug|Any CPU
		{14A16D71-952A-46E5-9ADD-9DBDC18E3F44}.Debug|Any CPU.Build.0 = Debug|Any CPU
		{14A16D71-952A-46E5-9ADD-9DBDC18E3F44}.Release|Any CPU.ActiveCfg = Release|Any CPU
		{14A16D71-952A-46E5-9ADD-9DBDC18E3F44}.Release|Any CPU.Build.0 = Release|Any CPU
	EndGlobalSection
	GlobalSection(SolutionProperties) = preSolution
		HideSolutionNode = FALSE
	EndGlobalSection
	GlobalSection(ExtensibilityGlobals) = postSolution
		SolutionGuid = {C04658BF-307C-4F36-A88F-B949BE2D61A7}
	EndGlobalSection
EndGlobal
