
Microsoft Visual Studio Solution File, Format Version 12.00
# Visual Studio Version 16
VisualStudioVersion = 16.0.32002.261
MinimumVisualStudioVersion = 10.0.40219.1
Project("{FAE04EC0-301F-11D3-BF4B-00C04F79EFBC}") = "JsonVB", "JsonVB\JsonVB.csproj", "{850FC848-F7BD-4AFA-A665-DD7BA9E6A546}"
EndProject
Global
	GlobalSection(SolutionConfigurationPlatforms) = preSolution
		Debug|Any CPU = Debug|Any CPU
		Release|Any CPU = Release|Any CPU
	EndGlobalSection
	GlobalSection(ProjectConfigurationPlatforms) = postSolution
		{850FC848-F7BD-4AFA-A665-DD7BA9E6A546}.Debug|Any CPU.ActiveCfg = Debug|Any CPU
		{850FC848-F7BD-4AFA-A665-DD7BA9E6A546}.Debug|Any CPU.Build.0 = Debug|Any CPU
		{850FC848-F7BD-4AFA-A665-DD7BA9E6A546}.Release|Any CPU.ActiveCfg = Release|Any CPU
		{850FC848-F7BD-4AFA-A665-DD7BA9E6A546}.Release|Any CPU.Build.0 = Release|Any CPU
	EndGlobalSection
	GlobalSection(SolutionProperties) = preSolution
		HideSolutionNode = FALSE
	EndGlobalSection
	GlobalSection(ExtensibilityGlobals) = postSolution
		SolutionGuid = {3EFD0589-3BA9-4FDE-A83B-4D658E05F89D}
	EndGlobalSection
EndGlobal
