
Microsoft Visual Studio Solution File, Format Version 12.00
# Visual Studio Version 16
VisualStudioVersion = 16.0.31624.102
MinimumVisualStudioVersion = 10.0.40219.1
Project("{F184B08F-C81C-45F6-A57F-5ABD9991F28F}") = "PasahitzaApurtzaile", "PasahitzaApurtzaile\PasahitzaApurtzaile.vbproj", "{F4AF7830-AEA4-4FE2-97EA-A5888004ACA6}"
EndProject
Global
	GlobalSection(SolutionConfigurationPlatforms) = preSolution
		Debug|Any CPU = Debug|Any CPU
		Release|Any CPU = Release|Any CPU
	EndGlobalSection
	GlobalSection(ProjectConfigurationPlatforms) = postSolution
		{F4AF7830-AEA4-4FE2-97EA-A5888004ACA6}.Debug|Any CPU.ActiveCfg = Debug|Any CPU
		{F4AF7830-AEA4-4FE2-97EA-A5888004ACA6}.Debug|Any CPU.Build.0 = Debug|Any CPU
		{F4AF7830-AEA4-4FE2-97EA-A5888004ACA6}.Release|Any CPU.ActiveCfg = Release|Any CPU
		{F4AF7830-AEA4-4FE2-97EA-A5888004ACA6}.Release|Any CPU.Build.0 = Release|Any CPU
	EndGlobalSection
	GlobalSection(SolutionProperties) = preSolution
		HideSolutionNode = FALSE
	EndGlobalSection
	GlobalSection(ExtensibilityGlobals) = postSolution
		SolutionGuid = {65D2C122-6655-40E9-B787-19B3A58A5F54}
	EndGlobalSection
EndGlobal
