
Microsoft Visual Studio Solution File, Format Version 12.00
# Visual Studio Version 16
VisualStudioVersion = 16.0.32106.194
MinimumVisualStudioVersion = 10.0.40219.1
Project("{F184B08F-C81C-45F6-A57F-5ABD9991F28F}") = "ErronkaSGE", "ErronkaSGE.vbproj", "{407BB9B2-4672-4D02-9A77-32194ED1AC0A}"
EndProject
Global
	GlobalSection(SolutionConfigurationPlatforms) = preSolution
		Debug|Any CPU = Debug|Any CPU
		Release|Any CPU = Release|Any CPU
	EndGlobalSection
	GlobalSection(ProjectConfigurationPlatforms) = postSolution
		{407BB9B2-4672-4D02-9A77-32194ED1AC0A}.Debug|Any CPU.ActiveCfg = Debug|Any CPU
		{407BB9B2-4672-4D02-9A77-32194ED1AC0A}.Debug|Any CPU.Build.0 = Debug|Any CPU
		{407BB9B2-4672-4D02-9A77-32194ED1AC0A}.Release|Any CPU.ActiveCfg = Release|Any CPU
		{407BB9B2-4672-4D02-9A77-32194ED1AC0A}.Release|Any CPU.Build.0 = Release|Any CPU
	EndGlobalSection
	GlobalSection(SolutionProperties) = preSolution
		HideSolutionNode = FALSE
	EndGlobalSection
	GlobalSection(ExtensibilityGlobals) = postSolution
		SolutionGuid = {9803B089-E5AB-4B48-8E22-E072EB6080D5}
	EndGlobalSection
EndGlobal
