
Microsoft Visual Studio Solution File, Format Version 12.00
# Visual Studio Version 16
VisualStudioVersion = 16.0.31624.102
MinimumVisualStudioVersion = 10.0.40219.1
Project("{F184B08F-C81C-45F6-A57F-5ABD9991F28F}") = "ConsoleApp1", "ConsoleApp1\ConsoleApp1.vbproj", "{B9CA426D-79BC-4F62-80B4-0D402230957E}"
EndProject
Global
	GlobalSection(SolutionConfigurationPlatforms) = preSolution
		Debug|Any CPU = Debug|Any CPU
		Release|Any CPU = Release|Any CPU
	EndGlobalSection
	GlobalSection(ProjectConfigurationPlatforms) = postSolution
		{B9CA426D-79BC-4F62-80B4-0D402230957E}.Debug|Any CPU.ActiveCfg = Debug|Any CPU
		{B9CA426D-79BC-4F62-80B4-0D402230957E}.Debug|Any CPU.Build.0 = Debug|Any CPU
		{B9CA426D-79BC-4F62-80B4-0D402230957E}.Release|Any CPU.ActiveCfg = Release|Any CPU
		{B9CA426D-79BC-4F62-80B4-0D402230957E}.Release|Any CPU.Build.0 = Release|Any CPU
	EndGlobalSection
	GlobalSection(SolutionProperties) = preSolution
		HideSolutionNode = FALSE
	EndGlobalSection
	GlobalSection(ExtensibilityGlobals) = postSolution
		SolutionGuid = {2D0A7F86-67B5-4C9E-97B1-BE8281EB25A5}
	EndGlobalSection
EndGlobal
