
Microsoft Visual Studio Solution File, Format Version 12.00
# Visual Studio Version 16
VisualStudioVersion = 16.0.31624.102
MinimumVisualStudioVersion = 10.0.40219.1
Project("{F184B08F-C81C-45F6-A57F-5ABD9991F28F}") = "AccessDB", "AccessDB\AccessDB.vbproj", "{1B3DADDE-0BC6-483C-934E-B0BD1A7E9857}"
EndProject
Global
	GlobalSection(SolutionConfigurationPlatforms) = preSolution
		Debug|Any CPU = Debug|Any CPU
		Release|Any CPU = Release|Any CPU
	EndGlobalSection
	GlobalSection(ProjectConfigurationPlatforms) = postSolution
		{1B3DADDE-0BC6-483C-934E-B0BD1A7E9857}.Debug|Any CPU.ActiveCfg = Debug|Any CPU
		{1B3DADDE-0BC6-483C-934E-B0BD1A7E9857}.Debug|Any CPU.Build.0 = Debug|Any CPU
		{1B3DADDE-0BC6-483C-934E-B0BD1A7E9857}.Release|Any CPU.ActiveCfg = Release|Any CPU
		{1B3DADDE-0BC6-483C-934E-B0BD1A7E9857}.Release|Any CPU.Build.0 = Release|Any CPU
	EndGlobalSection
	GlobalSection(SolutionProperties) = preSolution
		HideSolutionNode = FALSE
	EndGlobalSection
	GlobalSection(ExtensibilityGlobals) = postSolution
		SolutionGuid = {F11C8DE9-FBCF-4DC2-9980-5479993511DF}
	EndGlobalSection
EndGlobal
